
Microsoft Visual Studio Solution File, Format Version 12.00
# Visual Studio Version 16
VisualStudioVersion = 16.0.30907.101
MinimumVisualStudioVersion = 10.0.40219.1
Project("{9A19103F-16F7-4668-BE54-9A1E7A4F7556}") = "BookLib.ConsoleApp", "BookLib.ConsoleApp\BookLib.ConsoleApp.csproj", "{988106DF-899A-4693-8C33-7A45B1EA9099}"
EndProject
Project("{9A19103F-16F7-4668-BE54-9A1E7A4F7556}") = "BookLib.BL", "BookLib.BL\BookLib.BL.csproj", "{52028DAB-D632-4CFD-BF7E-666871B6EA69}"
EndProject
Project("{9A19103F-16F7-4668-BE54-9A1E7A4F7556}") = "BookLib.DAL", "BookLib.DAL\BookLib.DAL.csproj", "{CC3EB766-1A79-4A40-B9CF-DFB26B768D03}"
EndProject
Project("{9A19103F-16F7-4668-BE54-9A1E7A4F7556}") = "BookLib.WebApp", "BookLib.WebApp\BookLib.WebApp.csproj", "{E779EADE-9832-4798-8F2C-8850590D8E81}"
EndProject
Project("{FAE04EC0-301F-11D3-BF4B-00C04F79EFBC}") = "BookLib.Tests", "BookLib.Tests\BookLib.Tests.csproj", "{9AEA63E6-84ED-4035-8CCF-0A1AC5EC0D96}"
EndProject
Global
	GlobalSection(SolutionConfigurationPlatforms) = preSolution
		Debug|Any CPU = Debug|Any CPU
		Release|Any CPU = Release|Any CPU
	EndGlobalSection
	GlobalSection(ProjectConfigurationPlatforms) = postSolution
		{988106DF-899A-4693-8C33-7A45B1EA9099}.Debug|Any CPU.ActiveCfg = Debug|Any CPU
		{988106DF-899A-4693-8C33-7A45B1EA9099}.Debug|Any CPU.Build.0 = Debug|Any CPU
		{988106DF-899A-4693-8C33-7A45B1EA9099}.Release|Any CPU.ActiveCfg = Release|Any CPU
		{988106DF-899A-4693-8C33-7A45B1EA9099}.Release|Any CPU.Build.0 = Release|Any CPU
		{52028DAB-D632-4CFD-BF7E-666871B6EA69}.Debug|Any CPU.ActiveCfg = Debug|Any CPU
		{52028DAB-D632-4CFD-BF7E-666871B6EA69}.Debug|Any CPU.Build.0 = Debug|Any CPU
		{52028DAB-D632-4CFD-BF7E-666871B6EA69}.Release|Any CPU.ActiveCfg = Release|Any CPU
		{52028DAB-D632-4CFD-BF7E-666871B6EA69}.Release|Any CPU.Build.0 = Release|Any CPU
		{CC3EB766-1A79-4A40-B9CF-DFB26B768D03}.Debug|Any CPU.ActiveCfg = Debug|Any CPU
		{CC3EB766-1A79-4A40-B9CF-DFB26B768D03}.Debug|Any CPU.Build.0 = Debug|Any CPU
		{CC3EB766-1A79-4A40-B9CF-DFB26B768D03}.Release|Any CPU.ActiveCfg = Release|Any CPU
		{CC3EB766-1A79-4A40-B9CF-DFB26B768D03}.Release|Any CPU.Build.0 = Release|Any CPU
		{E779EADE-9832-4798-8F2C-8850590D8E81}.Debug|Any CPU.ActiveCfg = Debug|Any CPU
		{E779EADE-9832-4798-8F2C-8850590D8E81}.Debug|Any CPU.Build.0 = Debug|Any CPU
		{E779EADE-9832-4798-8F2C-8850590D8E81}.Release|Any CPU.ActiveCfg = Release|Any CPU
		{E779EADE-9832-4798-8F2C-8850590D8E81}.Release|Any CPU.Build.0 = Release|Any CPU
		{9AEA63E6-84ED-4035-8CCF-0A1AC5EC0D96}.Debug|Any CPU.ActiveCfg = Debug|Any CPU
		{9AEA63E6-84ED-4035-8CCF-0A1AC5EC0D96}.Debug|Any CPU.Build.0 = Debug|Any CPU
		{9AEA63E6-84ED-4035-8CCF-0A1AC5EC0D96}.Release|Any CPU.ActiveCfg = Release|Any CPU
		{9AEA63E6-84ED-4035-8CCF-0A1AC5EC0D96}.Release|Any CPU.Build.0 = Release|Any CPU
	EndGlobalSection
	GlobalSection(SolutionProperties) = preSolution
		HideSolutionNode = FALSE
	EndGlobalSection
	GlobalSection(ExtensibilityGlobals) = postSolution
		SolutionGuid = {18AFDA51-C850-4550-AFF2-B2AC0CE3044A}
	EndGlobalSection
EndGlobal
